
Microsoft Visual Studio Solution File, Format Version 12.00
# Visual Studio 15
VisualStudioVersion = 15.0.28010.2041
MinimumVisualStudioVersion = 10.0.40219.1
Project("{FAE04EC0-301F-11D3-BF4B-00C04F79EFBC}") = "Lab01-AboutMeQuiz", "Lab01-AboutMeQuiz\Lab01-AboutMeQuiz.csproj", "{1BEDA5DA-956E-4074-AC51-943D1A936971}"
EndProject
Global
	GlobalSection(SolutionConfigurationPlatforms) = preSolution
		Debug|Any CPU = Debug|Any CPU
		Release|Any CPU = Release|Any CPU
	EndGlobalSection
	GlobalSection(ProjectConfigurationPlatforms) = postSolution
		{1BEDA5DA-956E-4074-AC51-943D1A936971}.Debug|Any CPU.ActiveCfg = Debug|Any CPU
		{1BEDA5DA-956E-4074-AC51-943D1A936971}.Debug|Any CPU.Build.0 = Debug|Any CPU
		{1BEDA5DA-956E-4074-AC51-943D1A936971}.Release|Any CPU.ActiveCfg = Release|Any CPU
		{1BEDA5DA-956E-4074-AC51-943D1A936971}.Release|Any CPU.Build.0 = Release|Any CPU
	EndGlobalSection
	GlobalSection(SolutionProperties) = preSolution
		HideSolutionNode = FALSE
	EndGlobalSection
	GlobalSection(ExtensibilityGlobals) = postSolution
		SolutionGuid = {18782729-8AC6-4642-ADCF-9E6188496962}
	EndGlobalSection
EndGlobal
